
Microsoft Visual Studio Solution File, Format Version 12.00
# Visual Studio Version 17
VisualStudioVersion = 17.14.36414.22
MinimumVisualStudioVersion = 10.0.40219.1
Project("{2150E333-8FDC-42A3-9474-1A3956D46DE8}") = "src", "src", "{02EA681E-C7D8-13C7-8484-4AC65E1B71E8}"
EndProject
Project("{2150E333-8FDC-42A3-9474-1A3956D46DE8}") = "test", "test", "{21EA21CB-2A92-4589-B4AB-B181F763118C}"
EndProject
Project("{2150E333-8FDC-42A3-9474-1A3956D46DE8}") = "api", "api", "{4A6B5943-F3BB-4260-AEEB-64001D96D551}"
EndProject
Project("{2150E333-8FDC-42A3-9474-1A3956D46DE8}") = "application", "application", "{5651442E-D3DB-484F-BEAB-1E7A4BA5044F}"
EndProject
Project("{2150E333-8FDC-42A3-9474-1A3956D46DE8}") = "domain", "domain", "{6D0D48CA-6771-423B-B11F-5CDF48F75F29}"
EndProject
Project("{2150E333-8FDC-42A3-9474-1A3956D46DE8}") = "infra", "infra", "{8633C828-ACFF-4605-84C1-1ABB2075AA35}"
EndProject
Project("{FAE04EC0-301F-11D3-BF4B-00C04F79EFBC}") = "PB.Clientes.Api", "src\api\PB.Clientes.Api\PB.Clientes.Api.csproj", "{6B60AF11-E922-48F9-841D-89E81E125749}"
EndProject
Project("{FAE04EC0-301F-11D3-BF4B-00C04F79EFBC}") = "PB.Clientes.ApiModels", "src\api\PB.Clientes.ApiModels\PB.Clientes.ApiModels.csproj", "{929A54C0-9999-4117-A394-3C1585D3E124}"
EndProject
Project("{FAE04EC0-301F-11D3-BF4B-00C04F79EFBC}") = "PB.Clientes.Application", "src\application\PB.Clientes.Application\PB.Clientes.Application.csproj", "{F9EE64EA-63FA-4A2E-ABDE-43DE90381A7C}"
EndProject
Project("{FAE04EC0-301F-11D3-BF4B-00C04F79EFBC}") = "PB.Clientes.Domain", "src\domain\PB.Clientes.Domain\PB.Clientes.Domain.csproj", "{8A37D15F-E44E-49DC-BCA2-58D00A914E3D}"
EndProject
Project("{FAE04EC0-301F-11D3-BF4B-00C04F79EFBC}") = "PB.Clientes.Infra.Data", "src\infra\PB.Clientes.Infra.Data\PB.Clientes.Infra.Data.csproj", "{9EF25E1B-B7DA-4335-B978-3B37387EF904}"
EndProject
Project("{FAE04EC0-301F-11D3-BF4B-00C04F79EFBC}") = "PB.Clientes.Infra.Kernel", "src\infra\PB.Clientes.Infra.Kernel\PB.Clientes.Infra.Kernel.csproj", "{F1ED9259-8111-4970-9613-24CE1C8487D7}"
EndProject
Project("{FAE04EC0-301F-11D3-BF4B-00C04F79EFBC}") = "PB.Clientes.UnitTests", "test\PB.Clientes.UnitTests\PB.Clientes.UnitTests.csproj", "{61537A9C-77B0-4E35-98F6-C256A0B2BDAD}"
EndProject
Global
	GlobalSection(SolutionConfigurationPlatforms) = preSolution
		Debug|Any CPU = Debug|Any CPU
		Release|Any CPU = Release|Any CPU
	EndGlobalSection
	GlobalSection(ProjectConfigurationPlatforms) = postSolution
		{6B60AF11-E922-48F9-841D-89E81E125749}.Debug|Any CPU.ActiveCfg = Debug|Any CPU
		{6B60AF11-E922-48F9-841D-89E81E125749}.Debug|Any CPU.Build.0 = Debug|Any CPU
		{6B60AF11-E922-48F9-841D-89E81E125749}.Release|Any CPU.ActiveCfg = Release|Any CPU
		{6B60AF11-E922-48F9-841D-89E81E125749}.Release|Any CPU.Build.0 = Release|Any CPU
		{929A54C0-9999-4117-A394-3C1585D3E124}.Debug|Any CPU.ActiveCfg = Debug|Any CPU
		{929A54C0-9999-4117-A394-3C1585D3E124}.Debug|Any CPU.Build.0 = Debug|Any CPU
		{929A54C0-9999-4117-A394-3C1585D3E124}.Release|Any CPU.ActiveCfg = Release|Any CPU
		{929A54C0-9999-4117-A394-3C1585D3E124}.Release|Any CPU.Build.0 = Release|Any CPU
		{F9EE64EA-63FA-4A2E-ABDE-43DE90381A7C}.Debug|Any CPU.ActiveCfg = Debug|Any CPU
		{F9EE64EA-63FA-4A2E-ABDE-43DE90381A7C}.Debug|Any CPU.Build.0 = Debug|Any CPU
		{F9EE64EA-63FA-4A2E-ABDE-43DE90381A7C}.Release|Any CPU.ActiveCfg = Release|Any CPU
		{F9EE64EA-63FA-4A2E-ABDE-43DE90381A7C}.Release|Any CPU.Build.0 = Release|Any CPU
		{8A37D15F-E44E-49DC-BCA2-58D00A914E3D}.Debug|Any CPU.ActiveCfg = Debug|Any CPU
		{8A37D15F-E44E-49DC-BCA2-58D00A914E3D}.Debug|Any CPU.Build.0 = Debug|Any CPU
		{8A37D15F-E44E-49DC-BCA2-58D00A914E3D}.Release|Any CPU.ActiveCfg = Release|Any CPU
		{8A37D15F-E44E-49DC-BCA2-58D00A914E3D}.Release|Any CPU.Build.0 = Release|Any CPU
		{9EF25E1B-B7DA-4335-B978-3B37387EF904}.Debug|Any CPU.ActiveCfg = Debug|Any CPU
		{9EF25E1B-B7DA-4335-B978-3B37387EF904}.Debug|Any CPU.Build.0 = Debug|Any CPU
		{9EF25E1B-B7DA-4335-B978-3B37387EF904}.Release|Any CPU.ActiveCfg = Release|Any CPU
		{9EF25E1B-B7DA-4335-B978-3B37387EF904}.Release|Any CPU.Build.0 = Release|Any CPU
		{F1ED9259-8111-4970-9613-24CE1C8487D7}.Debug|Any CPU.ActiveCfg = Debug|Any CPU
		{F1ED9259-8111-4970-9613-24CE1C8487D7}.Debug|Any CPU.Build.0 = Debug|Any CPU
		{F1ED9259-8111-4970-9613-24CE1C8487D7}.Release|Any CPU.ActiveCfg = Release|Any CPU
		{F1ED9259-8111-4970-9613-24CE1C8487D7}.Release|Any CPU.Build.0 = Release|Any CPU
		{61537A9C-77B0-4E35-98F6-C256A0B2BDAD}.Debug|Any CPU.ActiveCfg = Debug|Any CPU
		{61537A9C-77B0-4E35-98F6-C256A0B2BDAD}.Debug|Any CPU.Build.0 = Debug|Any CPU
		{61537A9C-77B0-4E35-98F6-C256A0B2BDAD}.Release|Any CPU.ActiveCfg = Release|Any CPU
		{61537A9C-77B0-4E35-98F6-C256A0B2BDAD}.Release|Any CPU.Build.0 = Release|Any CPU
	EndGlobalSection
	GlobalSection(SolutionProperties) = preSolution
		HideSolutionNode = FALSE
	EndGlobalSection
	GlobalSection(NestedProjects) = preSolution
		{4A6B5943-F3BB-4260-AEEB-64001D96D551} = {02EA681E-C7D8-13C7-8484-4AC65E1B71E8}
		{5651442E-D3DB-484F-BEAB-1E7A4BA5044F} = {02EA681E-C7D8-13C7-8484-4AC65E1B71E8}
		{6D0D48CA-6771-423B-B11F-5CDF48F75F29} = {02EA681E-C7D8-13C7-8484-4AC65E1B71E8}
		{8633C828-ACFF-4605-84C1-1ABB2075AA35} = {02EA681E-C7D8-13C7-8484-4AC65E1B71E8}
		{6B60AF11-E922-48F9-841D-89E81E125749} = {4A6B5943-F3BB-4260-AEEB-64001D96D551}
		{929A54C0-9999-4117-A394-3C1585D3E124} = {4A6B5943-F3BB-4260-AEEB-64001D96D551}
		{F9EE64EA-63FA-4A2E-ABDE-43DE90381A7C} = {5651442E-D3DB-484F-BEAB-1E7A4BA5044F}
		{8A37D15F-E44E-49DC-BCA2-58D00A914E3D} = {6D0D48CA-6771-423B-B11F-5CDF48F75F29}
		{9EF25E1B-B7DA-4335-B978-3B37387EF904} = {8633C828-ACFF-4605-84C1-1ABB2075AA35}
		{F1ED9259-8111-4970-9613-24CE1C8487D7} = {8633C828-ACFF-4605-84C1-1ABB2075AA35}
		{61537A9C-77B0-4E35-98F6-C256A0B2BDAD} = {21EA21CB-2A92-4589-B4AB-B181F763118C}
	EndGlobalSection
	GlobalSection(ExtensibilityGlobals) = postSolution
		SolutionGuid = {E2D835F4-F8F4-422E-B24D-CEC2B45D3F34}
	EndGlobalSection
EndGlobal
